// !$*UTF8*$!
{
	archiveVersion = 1;
	classes = {
	};
	objectVersion = 46;
	objects = {

/* Begin PBXBuildFile section */
		6595C5971E1215F40067051E /* AppDelegate.swift in Sources */ = {isa = PBXBuildFile; fileRef = 6595C5961E1215F40067051E /* AppDelegate.swift */; };
		6595C59C1E1215F40067051E /* Main.storyboard in Resources */ = {isa = PBXBuildFile; fileRef = 6595C59A1E1215F40067051E /* Main.storyboard */; };
		6595C59E1E1215F40067051E /* Assets.xcassets in Resources */ = {isa = PBXBuildFile; fileRef = 6595C59D1E1215F40067051E /* Assets.xcassets */; };
		6595C5A11E1215F40067051E /* LaunchScreen.storyboard in Resources */ = {isa = PBXBuildFile; fileRef = 6595C59F1E1215F40067051E /* LaunchScreen.storyboard */; };
		6595C5AC1E1215F40067051E /* __Tests.swift in Sources */ = {isa = PBXBuildFile; fileRef = 6595C5AB1E1215F40067051E /* __Tests.swift */; };
		6595C5B71E1215F40067051E /* __UITests.swift in Sources */ = {isa = PBXBuildFile; fileRef = 6595C5B61E1215F40067051E /* __UITests.swift */; };
		6595C5C51E1218300067051E /* Images.xcassets in Resources */ = {isa = PBXBuildFile; fileRef = 6595C5C41E1218300067051E /* Images.xcassets */; };
		6595C5C71E12190D0067051E /* Default2048.png in Resources */ = {isa = PBXBuildFile; fileRef = 6595C5C61E12190D0067051E /* Default2048.png */; };
/* End PBXBuildFile section */

/* Begin PBXContainerItemProxy section */
		6595C5A81E1215F40067051E /* PBXContainerItemProxy */ = {
			isa = PBXContainerItemProxy;
			containerPortal = 6595C58B1E1215F40067051E /* Project object */;
			proxyType = 1;
			remoteGlobalIDString = 6595C5921E1215F40067051E;
			remoteInfo = "斗鱼";
		};
		6595C5B31E1215F40067051E /* PBXContainerItemProxy */ = {
			isa = PBXContainerItemProxy;
			containerPortal = 6595C58B1E1215F40067051E /* Project object */;
			proxyType = 1;
			remoteGlobalIDString = 6595C5921E1215F40067051E;
			remoteInfo = "斗鱼";
		};
/* End PBXContainerItemProxy section */

/* Begin PBXFileReference section */
		6595C5931E1215F40067051E /* 斗鱼.app */ = {isa = PBXFileReference; explicitFileType = wrapper.application; includeInIndex = 0; path = "斗鱼.app"; sourceTree = BUILT_PRODUCTS_DIR; };
		6595C5961E1215F40067051E /* AppDelegate.swift */ = {isa = PBXFileReference; lastKnownFileType = sourcecode.swift; path = AppDelegate.swift; sourceTree = "<group>"; };
		6595C59B1E1215F40067051E /* Base */ = {isa = PBXFileReference; lastKnownFileType = file.storyboard; name = Base; path = Base.lproj/Main.storyboard; sourceTree = "<group>"; };
		6595C59D1E1215F40067051E /* Assets.xcassets */ = {isa = PBXFileReference; lastKnownFileType = folder.assetcatalog; path = Assets.xcassets; sourceTree = "<group>"; };
		6595C5A01E1215F40067051E /* Base */ = {isa = PBXFileReference; lastKnownFileType = file.storyboard; name = Base; path = Base.lproj/LaunchScreen.storyboard; sourceTree = "<group>"; };
		6595C5A21E1215F40067051E /* Info.plist */ = {isa = PBXFileReference; lastKnownFileType = text.plist.xml; path = Info.plist; sourceTree = "<group>"; };
		6595C5A71E1215F40067051E /* 斗鱼Tests.xctest */ = {isa = PBXFileReference; explicitFileType = wrapper.cfbundle; includeInIndex = 0; path = "斗鱼Tests.xctest"; sourceTree = BUILT_PRODUCTS_DIR; };
		6595C5AB1E1215F40067051E /* __Tests.swift */ = {isa = PBXFileReference; lastKnownFileType = sourcecode.swift; path = __Tests.swift; sourceTree = "<group>"; };
		6595C5AD1E1215F40067051E /* Info.plist */ = {isa = PBXFileReference; lastKnownFileType = text.plist.xml; path = Info.plist; sourceTree = "<group>"; };
		6595C5B21E1215F40067051E /* 斗鱼UITests.xctest */ = {isa = PBXFileReference; explicitFileType = wrapper.cfbundle; includeInIndex = 0; path = "斗鱼UITests.xctest"; sourceTree = BUILT_PRODUCTS_DIR; };
		6595C5B61E1215F40067051E /* __UITests.swift */ = {isa = PBXFileReference; lastKnownFileType = sourcecode.swift; path = __UITests.swift; sourceTree = "<group>"; };
		6595C5B81E1215F40067051E /* Info.plist */ = {isa = PBXFileReference; lastKnownFileType = text.plist.xml; path = Info.plist; sourceTree = "<group>"; };
		6595C5C41E1218300067051E /* Images.xcassets */ = {isa = PBXFileReference; lastKnownFileType = folder.assetcatalog; path = Images.xcassets; sourceTree = "<group>"; };
		6595C5C61E12190D0067051E /* Default2048.png */ = {isa = PBXFileReference; lastKnownFileType = image.png; name = Default2048.png; path = "斗鱼/Assets.xcassets/LaunchImage.launchimage/Default2048.png"; sourceTree = "<group>"; };
/* End PBXFileReference section */

/* Begin PBXFrameworksBuildPhase section */
		6595C5901E1215F40067051E /* Frameworks */ = {
			isa = PBXFrameworksBuildPhase;
			buildActionMask = 2147483647;
			files = (
			);
			runOnlyForDeploymentPostprocessing = 0;
		};
		6595C5A41E1215F40067051E /* Frameworks */ = {
			isa = PBXFrameworksBuildPhase;
			buildActionMask = 2147483647;
			files = (
			);
			runOnlyForDeploymentPostprocessing = 0;
		};
		6595C5AF1E1215F40067051E /* Frameworks */ = {
			isa = PBXFrameworksBuildPhase;
			buildActionMask = 2147483647;
			files = (
			);
			runOnlyForDeploymentPostprocessing = 0;
		};
/* End PBXFrameworksBuildPhase section */

/* Begin PBXGroup section */
		6595C58A1E1215F40067051E = {
			isa = PBXGroup;
			children = (
				6595C5C61E12190D0067051E /* Default2048.png */,
				6595C5951E1215F40067051E /* 斗鱼 */,
				6595C5AA1E1215F40067051E /* 斗鱼Tests */,
				6595C5B51E1215F40067051E /* 斗鱼UITests */,
				6595C5941E1215F40067051E /* Products */,
			);
			sourceTree = "<group>";
		};
		6595C5941E1215F40067051E /* Products */ = {
			isa = PBXGroup;
			children = (
				6595C5931E1215F40067051E /* 斗鱼.app */,
				6595C5A71E1215F40067051E /* 斗鱼Tests.xctest */,
				6595C5B21E1215F40067051E /* 斗鱼UITests.xctest */,
			);
			name = Products;
			sourceTree = "<group>";
		};
		6595C5951E1215F40067051E /* 斗鱼 */ = {
			isa = PBXGroup;
			children = (
				6595C5C81E121EEE0067051E /* Clasess */,
				6595C5961E1215F40067051E /* AppDelegate.swift */,
				6595C59A1E1215F40067051E /* Main.storyboard */,
				6595C59D1E1215F40067051E /* Assets.xcassets */,
				6595C59F1E1215F40067051E /* LaunchScreen.storyboard */,
				6595C5A21E1215F40067051E /* Info.plist */,
				6595C5C41E1218300067051E /* Images.xcassets */,
			);
			path = "斗鱼";
			sourceTree = "<group>";
		};
		6595C5AA1E1215F40067051E /* 斗鱼Tests */ = {
			isa = PBXGroup;
			children = (
				6595C5AB1E1215F40067051E /* __Tests.swift */,
				6595C5AD1E1215F40067051E /* Info.plist */,
			);
			path = "斗鱼Tests";
			sourceTree = "<group>";
		};
		6595C5B51E1215F40067051E /* 斗鱼UITests */ = {
			isa = PBXGroup;
			children = (
				6595C5B61E1215F40067051E /* __UITests.swift */,
				6595C5B81E1215F40067051E /* Info.plist */,
			);
			path = "斗鱼UITests";
			sourceTree = "<group>";
		};
		6595C5C81E121EEE0067051E /* Clasess */ = {
			isa = PBXGroup;
			children = (
				6595C5CC1E121EEE0067051E /* Main */,
				6595C5CA1E121EEE0067051E /* Home */,
				6595C5C91E121EEE0067051E /* Follow */,
				6595C5CB1E121EEE0067051E /* Live */,
				6595C5CD1E121EEE0067051E /* Profile */,
				6595C5CE1E121EEE0067051E /* Tools */,
			);
			path = Clasess;
			sourceTree = "<group>";
		};
		6595C5C91E121EEE0067051E /* Follow */ = {
			isa = PBXGroup;
			children = (
			);
			path = Follow;
			sourceTree = "<group>";
		};
		6595C5CA1E121EEE0067051E /* Home */ = {
			isa = PBXGroup;
			children = (
			);
			path = Home;
			sourceTree = "<group>";
		};
		6595C5CB1E121EEE0067051E /* Live */ = {
			isa = PBXGroup;
			children = (
			);
			path = Live;
			sourceTree = "<group>";
		};
		6595C5CC1E121EEE0067051E /* Main */ = {
			isa = PBXGroup;
			children = (
			);
			path = Main;
			sourceTree = "<group>";
		};
		6595C5CD1E121EEE0067051E /* Profile */ = {
			isa = PBXGroup;
			children = (
			);
			path = Profile;
			sourceTree = "<group>";
		};
		6595C5CE1E121EEE0067051E /* Tools */ = {
			isa = PBXGroup;
			children = (
			);
			path = Tools;
			sourceTree = "<group>";
		};
/* End PBXGroup section */

/* Begin PBXNativeTarget section */
		6595C5921E1215F40067051E /* 斗鱼 */ = {
			isa = PBXNativeTarget;
			buildConfigurationList = 6595C5BB1E1215F40067051E /* Build configuration list for PBXNativeTarget "斗鱼" */;
			buildPhases = (
				6595C58F1E1215F40067051E /* Sources */,
				6595C5901E1215F40067051E /* Frameworks */,
				6595C5911E1215F40067051E /* Resources */,
			);
			buildRules = (
			);
			dependencies = (
			);
			name = "斗鱼";
			productName = "斗鱼";
			productReference = 6595C5931E1215F40067051E /* 斗鱼.app */;
			productType = "com.apple.product-type.application";
		};
		6595C5A61E1215F40067051E /* 斗鱼Tests */ = {
			isa = PBXNativeTarget;
			buildConfigurationList = 6595C5BE1E1215F40067051E /* Build configuration list for PBXNativeTarget "斗鱼Tests" */;
			buildPhases = (
				6595C5A31E1215F40067051E /* Sources */,
				6595C5A41E1215F40067051E /* Frameworks */,
				6595C5A51E1215F40067051E /* Resources */,
			);
			buildRules = (
			);
			dependencies = (
				6595C5A91E1215F40067051E /* PBXTargetDependency */,
			);
			name = "斗鱼Tests";
			productName = "斗鱼Tests";
			productReference = 6595C5A71E1215F40067051E /* 斗鱼Tests.xctest */;
			productType = "com.apple.product-type.bundle.unit-test";
		};
		6595C5B11E1215F40067051E /* 斗鱼UITests */ = {
			isa = PBXNativeTarget;
			buildConfigurationList = 6595C5C11E1215F40067051E /* Build configuration list for PBXNativeTarget "斗鱼UITests" */;
			buildPhases = (
				6595C5AE1E1215F40067051E /* Sources */,
				6595C5AF1E1215F40067051E /* Frameworks */,
				6595C5B01E1215F40067051E /* Resources */,
			);
			buildRules = (
			);
			dependencies = (
				6595C5B41E1215F40067051E /* PBXTargetDependency */,
			);
			name = "斗鱼UITests";
			productName = "斗鱼UITests";
			productReference = 6595C5B21E1215F40067051E /* 斗鱼UITests.xctest */;
			productType = "com.apple.product-type.bundle.ui-testing";
		};
/* End PBXNativeTarget section */

/* Begin PBXProject section */
		6595C58B1E1215F40067051E /* Project object */ = {
			isa = PBXProject;
			attributes = {
				LastSwiftUpdateCheck = 0810;
				LastUpgradeCheck = 0810;
				ORGANIZATIONNAME = "王文发";
				TargetAttributes = {
					6595C5921E1215F40067051E = {
						CreatedOnToolsVersion = 8.1;
						DevelopmentTeam = WKZ94UCGMC;
						ProvisioningStyle = Automatic;
					};
					6595C5A61E1215F40067051E = {
						CreatedOnToolsVersion = 8.1;
						DevelopmentTeam = G8TAZSR2G4;
						ProvisioningStyle = Automatic;
						TestTargetID = 6595C5921E1215F40067051E;
					};
					6595C5B11E1215F40067051E = {
						CreatedOnToolsVersion = 8.1;
						DevelopmentTeam = G8TAZSR2G4;
						ProvisioningStyle = Automatic;
						TestTargetID = 6595C5921E1215F40067051E;
					};
				};
			};
			buildConfigurationList = 6595C58E1E1215F40067051E /* Build configuration list for PBXProject "斗鱼" */;
			compatibilityVersion = "Xcode 3.2";
			developmentRegion = English;
			hasScannedForEncodings = 0;
			knownRegions = (
				en,
				Base,
			);
			mainGroup = 6595C58A1E1215F40067051E;
			productRefGroup = 6595C5941E1215F40067051E /* Products */;
			projectDirPath = "";
			projectRoot = "";
			targets = (
				6595C5921E1215F40067051E /* 斗鱼 */,
				6595C5A61E1215F40067051E /* 斗鱼Tests */,
				6595C5B11E1215F40067051E /* 斗鱼UITests */,
			);
		};
/* End PBXProject section */

/* Begin PBXResourcesBuildPhase section */
		6595C5911E1215F40067051E /* Resources */ = {
			isa = PBXResourcesBuildPhase;
			buildActionMask = 2147483647;
			files = (
				6595C5A11E1215F40067051E /* LaunchScreen.storyboard in Resources */,
				6595C5C71E12190D0067051E /* Default2048.png in Resources */,
				6595C5C51E1218300067051E /* Images.xcassets in Resources */,
				6595C59E1E1215F40067051E /* Assets.xcassets in Resources */,
				6595C59C1E1215F40067051E /* Main.storyboard in Resources */,
			);
			runOnlyForDeploymentPostprocessing = 0;
		};
		6595C5A51E1215F40067051E /* Resources */ = {
			isa = PBXResourcesBuildPhase;
			buildActionMask = 2147483647;
			files = (
			);
			runOnlyForDeploymentPostprocessing = 0;
		};
		6595C5B01E1215F40067051E /* Resources */ = {
			isa = PBXResourcesBuildPhase;
			buildActionMask = 2147483647;
			files = (
			);
			runOnlyForDeploymentPostprocessing = 0;
		};
/* End PBXResourcesBuildPhase section */

/* Begin PBXSourcesBuildPhase section */
		6595C58F1E1215F40067051E /* Sources */ = {
			isa = PBXSourcesBuildPhase;
			buildActionMask = 2147483647;
			files = (
				6595C5971E1215F40067051E /* AppDelegate.swift in Sources */,
			);
			runOnlyForDeploymentPostprocessing = 0;
		};
		6595C5A31E1215F40067051E /* Sources */ = {
			isa = PBXSourcesBuildPhase;
			buildActionMask = 2147483647;
			files = (
				6595C5AC1E1215F40067051E /* __Tests.swift in Sources */,
			);
			runOnlyForDeploymentPostprocessing = 0;
		};
		6595C5AE1E1215F40067051E /* Sources */ = {
			isa = PBXSourcesBuildPhase;
			buildActionMask = 2147483647;
			files = (
				6595C5B71E1215F40067051E /* __UITests.swift in Sources */,
			);
			runOnlyForDeploymentPostprocessing = 0;
		};
/* End PBXSourcesBuildPhase section */

/* Begin PBXTargetDependency section */
		6595C5A91E1215F40067051E /* PBXTargetDependency */ = {
			isa = PBXTargetDependency;
			target = 6595C5921E1215F40067051E /* 斗鱼 */;
			targetProxy = 6595C5A81E1215F40067051E /* PBXContainerItemProxy */;
		};
		6595C5B41E1215F40067051E /* PBXTargetDependency */ = {
			isa = PBXTargetDependency;
			target = 6595C5921E1215F40067051E /* 斗鱼 */;
			targetProxy = 6595C5B31E1215F40067051E /* PBXContainerItemProxy */;
		};
/* End PBXTargetDependency section */

/* Begin PBXVariantGroup section */
		6595C59A1E1215F40067051E /* Main.storyboard */ = {
			isa = PBXVariantGroup;
			children = (
				6595C59B1E1215F40067051E /* Base */,
			);
			name = Main.storyboard;
			sourceTree = "<group>";
		};
		6595C59F1E1215F40067051E /* LaunchScreen.storyboard */ = {
			isa = PBXVariantGroup;
			children = (
				6595C5A01E1215F40067051E /* Base */,
			);
			name = LaunchScreen.storyboard;
			sourceTree = "<group>";
		};
/* End PBXVariantGroup section */

/* Begin XCBuildConfiguration section */
		6595C5B91E1215F40067051E /* Debug */ = {
			isa = XCBuildConfiguration;
			buildSettings = {
				ALWAYS_SEARCH_USER_PATHS = NO;
				CLANG_ANALYZER_NONNULL = YES;
				CLANG_CXX_LANGUAGE_STANDARD = "gnu++0x";
				CLANG_CXX_LIBRARY = "libc++";
				CLANG_ENABLE_MODULES = YES;
				CLANG_ENABLE_OBJC_ARC = YES;
				CLANG_WARN_BOOL_CONVERSION = YES;
				CLANG_WARN_CONSTANT_CONVERSION = YES;
				CLANG_WARN_DIRECT_OBJC_ISA_USAGE = YES_ERROR;
				CLANG_WARN_DOCUMENTATION_COMMENTS = YES;
				CLANG_WARN_EMPTY_BODY = YES;
				CLANG_WARN_ENUM_CONVERSION = YES;
				CLANG_WARN_INFINITE_RECURSION = YES;
				CLANG_WARN_INT_CONVERSION = YES;
				CLANG_WARN_OBJC_ROOT_CLASS = YES_ERROR;
				CLANG_WARN_SUSPICIOUS_MOVES = YES;
				CLANG_WARN_UNREACHABLE_CODE = YES;
				CLANG_WARN__DUPLICATE_METHOD_MATCH = YES;
				"CODE_SIGN_IDENTITY[sdk=iphoneos*]" = "iPhone Developer";
				COPY_PHASE_STRIP = NO;
				DEBUG_INFORMATION_FORMAT = dwarf;
				ENABLE_STRICT_OBJC_MSGSEND = YES;
				ENABLE_TESTABILITY = YES;
				GCC_C_LANGUAGE_STANDARD = gnu99;
				GCC_DYNAMIC_NO_PIC = NO;
				GCC_NO_COMMON_BLOCKS = YES;
				GCC_OPTIMIZATION_LEVEL = 0;
				GCC_PREPROCESSOR_DEFINITIONS = (
					"DEBUG=1",
					"$(inherited)",
				);
				GCC_WARN_64_TO_32_BIT_CONVERSION = YES;
				GCC_WARN_ABOUT_RETURN_TYPE = YES_ERROR;
				GCC_WARN_UNDECLARED_SELECTOR = YES;
				GCC_WARN_UNINITIALIZED_AUTOS = YES_AGGRESSIVE;
				GCC_WARN_UNUSED_FUNCTION = YES;
				GCC_WARN_UNUSED_VARIABLE = YES;
				IPHONEOS_DEPLOYMENT_TARGET = 10.1;
				MTL_ENABLE_DEBUG_INFO = YES;
				ONLY_ACTIVE_ARCH = YES;
				SDKROOT = iphoneos;
				SWIFT_ACTIVE_COMPILATION_CONDITIONS = DEBUG;
				SWIFT_OPTIMIZATION_LEVEL = "-Onone";
			};
			name = Debug;
		};
		6595C5BA1E1215F40067051E /* Release */ = {
			isa = XCBuildConfiguration;
			buildSettings = {
				ALWAYS_SEARCH_USER_PATHS = NO;
				CLANG_ANALYZER_NONNULL = YES;
				CLANG_CXX_LANGUAGE_STANDARD = "gnu++0x";
				CLANG_CXX_LIBRARY = "libc++";
				CLANG_ENABLE_MODULES = YES;
				CLANG_ENABLE_OBJC_ARC = YES;
				CLANG_WARN_BOOL_CONVERSION = YES;
				CLANG_WARN_CONSTANT_CONVERSION = YES;
				CLANG_WARN_DIRECT_OBJC_ISA_USAGE = YES_ERROR;
				CLANG_WARN_DOCUMENTATION_COMMENTS = YES;
				CLANG_WARN_EMPTY_BODY = YES;
				CLANG_WARN_ENUM_CONVERSION = YES;
				CLANG_WARN_INFINITE_RECURSION = YES;
				CLANG_WARN_INT_CONVERSION = YES;
				CLANG_WARN_OBJC_ROOT_CLASS = YES_ERROR;
				CLANG_WARN_SUSPICIOUS_MOVES = YES;
				CLANG_WARN_UNREACHABLE_CODE = YES;
				CLANG_WARN__DUPLICATE_METHOD_MATCH = YES;
				"CODE_SIGN_IDENTITY[sdk=iphoneos*]" = "iPhone Developer";
				COPY_PHASE_STRIP = NO;
				DEBUG_INFORMATION_FORMAT = "dwarf-with-dsym";
				ENABLE_NS_ASSERTIONS = NO;
				ENABLE_STRICT_OBJC_MSGSEND = YES;
				GCC_C_LANGUAGE_STANDARD = gnu99;
				GCC_NO_COMMON_BLOCKS = YES;
				GCC_WARN_64_TO_32_BIT_CONVERSION = YES;
				GCC_WARN_ABOUT_RETURN_TYPE = YES_ERROR;
				GCC_WARN_UNDECLARED_SELECTOR = YES;
				GCC_WARN_UNINITIALIZED_AUTOS = YES_AGGRESSIVE;
				GCC_WARN_UNUSED_FUNCTION = YES;
				GCC_WARN_UNUSED_VARIABLE = YES;
				IPHONEOS_DEPLOYMENT_TARGET = 10.1;
				MTL_ENABLE_DEBUG_INFO = NO;
				SDKROOT = iphoneos;
				SWIFT_OPTIMIZATION_LEVEL = "-Owholemodule";
				VALIDATE_PRODUCT = YES;
			};
			name = Release;
		};
		6595C5BC1E1215F40067051E /* Debug */ = {
			isa = XCBuildConfiguration;
			buildSettings = {
				ASSETCATALOG_COMPILER_APPICON_NAME = AppIcon;
				ASSETCATALOG_COMPILER_LAUNCHIMAGE_NAME = LaunchImage;
				DEVELOPMENT_TEAM = WKZ94UCGMC;
				INFOPLIST_FILE = "斗鱼/Info.plist";
				IPHONEOS_DEPLOYMENT_TARGET = 9.0;
				LD_RUNPATH_SEARCH_PATHS = "$(inherited) @executable_path/Frameworks";
				PRODUCT_BUNDLE_IDENTIFIER = "com.--";
				PRODUCT_NAME = "$(TARGET_NAME)";
				SWIFT_VERSION = 3.0;
			};
			name = Debug;
		};
		6595C5BD1E1215F40067051E /* Release */ = {
			isa = XCBuildConfiguration;
			buildSettings = {
				ASSETCATALOG_COMPILER_APPICON_NAME = AppIcon;
				ASSETCATALOG_COMPILER_LAUNCHIMAGE_NAME = LaunchImage;
				DEVELOPMENT_TEAM = WKZ94UCGMC;
				INFOPLIST_FILE = "斗鱼/Info.plist";
				IPHONEOS_DEPLOYMENT_TARGET = 9.0;
				LD_RUNPATH_SEARCH_PATHS = "$(inherited) @executable_path/Frameworks";
				PRODUCT_BUNDLE_IDENTIFIER = "com.--";
				PRODUCT_NAME = "$(TARGET_NAME)";
				SWIFT_VERSION = 3.0;
			};
			name = Release;
		};
		6595C5BF1E1215F40067051E /* Debug */ = {
			isa = XCBuildConfiguration;
			buildSettings = {
				ALWAYS_EMBED_SWIFT_STANDARD_LIBRARIES = YES;
				BUNDLE_LOADER = "$(TEST_HOST)";
				DEVELOPMENT_TEAM = G8TAZSR2G4;
				INFOPLIST_FILE = "斗鱼Tests/Info.plist";
				LD_RUNPATH_SEARCH_PATHS = "$(inherited) @executable_path/Frameworks @loader_path/Frameworks";
				PRODUCT_BUNDLE_IDENTIFIER = "com.--Tests";
				PRODUCT_NAME = "$(TARGET_NAME)";
				SWIFT_VERSION = 3.0;
				TEST_HOST = "$(BUILT_PRODUCTS_DIR)/斗鱼.app/斗鱼";
			};
			name = Debug;
		};
		6595C5C01E1215F40067051E /* Release */ = {
			isa = XCBuildConfiguration;
			buildSettings = {
				ALWAYS_EMBED_SWIFT_STANDARD_LIBRARIES = YES;
				BUNDLE_LOADER = "$(TEST_HOST)";
				DEVELOPMENT_TEAM = G8TAZSR2G4;
				INFOPLIST_FILE = "斗鱼Tests/Info.plist";
				LD_RUNPATH_SEARCH_PATHS = "$(inherited) @executable_path/Frameworks @loader_path/Frameworks";
				PRODUCT_BUNDLE_IDENTIFIER = "com.--Tests";
				PRODUCT_NAME = "$(TARGET_NAME)";
				SWIFT_VERSION = 3.0;
				TEST_HOST = "$(BUILT_PRODUCTS_DIR)/斗鱼.app/斗鱼";
			};
			name = Release;
		};
		6595C5C21E1215F40067051E /* Debug */ = {
			isa = XCBuildConfiguration;
			buildSettings = {
				ALWAYS_EMBED_SWIFT_STANDARD_LIBRARIES = YES;
				DEVELOPMENT_TEAM = G8TAZSR2G4;
				INFOPLIST_FILE = "斗鱼UITests/Info.plist";
				LD_RUNPATH_SEARCH_PATHS = "$(inherited) @executable_path/Frameworks @loader_path/Frameworks";
				PRODUCT_BUNDLE_IDENTIFIER = "com.--UITests";
				PRODUCT_NAME = "$(TARGET_NAME)";
				SWIFT_VERSION = 3.0;
				TEST_TARGET_NAME = "斗鱼";
			};
			name = Debug;
		};
		6595C5C31E1215F40067051E /* Release */ = {
			isa = XCBuildConfiguration;
			buildSettings = {
				ALWAYS_EMBED_SWIFT_STANDARD_LIBRARIES = YES;
				DEVELOPMENT_TEAM = G8TAZSR2G4;
				INFOPLIST_FILE = "斗鱼UITests/Info.plist";
				LD_RUNPATH_SEARCH_PATHS = "$(inherited) @executable_path/Frameworks @loader_path/Frameworks";
				PRODUCT_BUNDLE_IDENTIFIER = "com.--UITests";
				PRODUCT_NAME = "$(TARGET_NAME)";
				SWIFT_VERSION = 3.0;
				TEST_TARGET_NAME = "斗鱼";
			};
			name = Release;
		};
/* End XCBuildConfiguration section */

/* Begin XCConfigurationList section */
		6595C58E1E1215F40067051E /* Build configuration list for PBXProject "斗鱼" */ = {
			isa = XCConfigurationList;
			buildConfigurations = (
				6595C5B91E1215F40067051E /* Debug */,
				6595C5BA1E1215F40067051E /* Release */,
			);
			defaultConfigurationIsVisible = 0;
			defaultConfigurationName = Release;
		};
		6595C5BB1E1215F40067051E /* Build configuration list for PBXNativeTarget "斗鱼" */ = {
			isa = XCConfigurationList;
			buildConfigurations = (
				6595C5BC1E1215F40067051E /* Debug */,
				6595C5BD1E1215F40067051E /* Release */,
			);
			defaultConfigurationIsVisible = 0;
			defaultConfigurationName = Release;
		};
		6595C5BE1E1215F40067051E /* Build configuration list for PBXNativeTarget "斗鱼Tests" */ = {
			isa = XCConfigurationList;
			buildConfigurations = (
				6595C5BF1E1215F40067051E /* Debug */,
				6595C5C01E1215F40067051E /* Release */,
			);
			defaultConfigurationIsVisible = 0;
			defaultConfigurationName = Release;
		};
		6595C5C11E1215F40067051E /* Build configuration list for PBXNativeTarget "斗鱼UITests" */ = {
			isa = XCConfigurationList;
			buildConfigurations = (
				6595C5C21E1215F40067051E /* Debug */,
				6595C5C31E1215F40067051E /* Release */,
			);
			defaultConfigurationIsVisible = 0;
			defaultConfigurationName = Release;
		};
/* End XCConfigurationList section */
	};
	rootObject = 6595C58B1E1215F40067051E /* Project object */;
}
